
Microsoft Visual Studio Solution File, Format Version 12.00
# Visual Studio 15
Project("{FAE04EC0-301F-11D3-BF4B-00C04F79EFBC}") = "StructuredText", "StructuredText\StructuredText.csproj", "{A1669FC5-110F-4FF7-841C-C5034E13A18A}"
EndProject
Project("{FAE04EC0-301F-11D3-BF4B-00C04F79EFBC}") = "Transpiler", "Transpiler\Transpiler.csproj", "{8B4165C0-CAE2-47D0-9072-180C0A0688C5}"
EndProject
Project("{FAE04EC0-301F-11D3-BF4B-00C04F79EFBC}") = "Transpiler.Test", "Transpiler.Test\Transpiler.Test.csproj", "{F4F4DD32-8E05-4DEE-82F7-2039651D0E67}"
EndProject
Project("{FAE04EC0-301F-11D3-BF4B-00C04F79EFBC}") = "VisualBasic", "VisualBasic\VisualBasic.csproj", "{98D2087A-3395-4B4E-8C39-D7EF128B8710}"
EndProject
Global
	GlobalSection(SolutionConfigurationPlatforms) = preSolution
		Debug|Any CPU = Debug|Any CPU
		Release|Any CPU = Release|Any CPU
	EndGlobalSection
	GlobalSection(ProjectConfigurationPlatforms) = postSolution
		{A1669FC5-110F-4FF7-841C-C5034E13A18A}.Debug|Any CPU.ActiveCfg = Debug|Any CPU
		{A1669FC5-110F-4FF7-841C-C5034E13A18A}.Debug|Any CPU.Build.0 = Debug|Any CPU
		{A1669FC5-110F-4FF7-841C-C5034E13A18A}.Release|Any CPU.ActiveCfg = Release|Any CPU
		{A1669FC5-110F-4FF7-841C-C5034E13A18A}.Release|Any CPU.Build.0 = Release|Any CPU
		{8B4165C0-CAE2-47D0-9072-180C0A0688C5}.Debug|Any CPU.ActiveCfg = Debug|Any CPU
		{8B4165C0-CAE2-47D0-9072-180C0A0688C5}.Debug|Any CPU.Build.0 = Debug|Any CPU
		{8B4165C0-CAE2-47D0-9072-180C0A0688C5}.Release|Any CPU.ActiveCfg = Release|Any CPU
		{8B4165C0-CAE2-47D0-9072-180C0A0688C5}.Release|Any CPU.Build.0 = Release|Any CPU
		{F4F4DD32-8E05-4DEE-82F7-2039651D0E67}.Debug|Any CPU.ActiveCfg = Debug|Any CPU
		{F4F4DD32-8E05-4DEE-82F7-2039651D0E67}.Debug|Any CPU.Build.0 = Debug|Any CPU
		{F4F4DD32-8E05-4DEE-82F7-2039651D0E67}.Release|Any CPU.ActiveCfg = Release|Any CPU
		{F4F4DD32-8E05-4DEE-82F7-2039651D0E67}.Release|Any CPU.Build.0 = Release|Any CPU
		{98D2087A-3395-4B4E-8C39-D7EF128B8710}.Debug|Any CPU.ActiveCfg = Debug|Any CPU
		{98D2087A-3395-4B4E-8C39-D7EF128B8710}.Debug|Any CPU.Build.0 = Debug|Any CPU
		{98D2087A-3395-4B4E-8C39-D7EF128B8710}.Release|Any CPU.ActiveCfg = Release|Any CPU
		{98D2087A-3395-4B4E-8C39-D7EF128B8710}.Release|Any CPU.Build.0 = Release|Any CPU
	EndGlobalSection
EndGlobal
